// !$*UTF8*$!
{
	archiveVersion = 1;
	classes = {
	};
	objectVersion = 46;
	objects = {

/* Begin PBXBuildFile section */
		0E41B62C38D01125835747EE /* Pods_Pupvice.framework in Frameworks */ = {isa = PBXBuildFile; fileRef = 3E484571594C20625212777F /* Pods_Pupvice.framework */; };
		402906501D79E2DC00FA083E /* DetailPlaceTableViewCell.swift in Sources */ = {isa = PBXBuildFile; fileRef = 4029064F1D79E2DC00FA083E /* DetailPlaceTableViewCell.swift */; };
		4029067E1D7B8B3E00FA083E /* GoogleDetailsPhoto.swift in Sources */ = {isa = PBXBuildFile; fileRef = 4029067D1D7B8B3E00FA083E /* GoogleDetailsPhoto.swift */; };
		4045E3D91D788EF600E4B228 /* SearchResultsController.swift in Sources */ = {isa = PBXBuildFile; fileRef = 4045E3D81D788EF600E4B228 /* SearchResultsController.swift */; };
		4045E3DB1D78957200E4B228 /* SearchMapViewController.swift in Sources */ = {isa = PBXBuildFile; fileRef = 4045E3DA1D78957200E4B228 /* SearchMapViewController.swift */; };
		4045E3E31D78D96B00E4B228 /* GoogleDetails.swift in Sources */ = {isa = PBXBuildFile; fileRef = 4045E3E21D78D96B00E4B228 /* GoogleDetails.swift */; };
		4045E3E71D79CD9800E4B228 /* DetailPlaceTableViewController.swift in Sources */ = {isa = PBXBuildFile; fileRef = 4045E3E61D79CD9800E4B228 /* DetailPlaceTableViewController.swift */; };
		4045E3E91D79D17800E4B228 /* DetailPlaceModelController.swift in Sources */ = {isa = PBXBuildFile; fileRef = 4045E3E81D79D17800E4B228 /* DetailPlaceModelController.swift */; };
		405C6A181D7500CE00CDBB3E /* AppDelegate.swift in Sources */ = {isa = PBXBuildFile; fileRef = 405C6A171D7500CE00CDBB3E /* AppDelegate.swift */; };
		405C6A1D1D7500CE00CDBB3E /* Main.storyboard in Resources */ = {isa = PBXBuildFile; fileRef = 405C6A1B1D7500CE00CDBB3E /* Main.storyboard */; };
		405C6A1F1D7500CE00CDBB3E /* Assets.xcassets in Resources */ = {isa = PBXBuildFile; fileRef = 405C6A1E1D7500CE00CDBB3E /* Assets.xcassets */; };
		405C6A221D7500CE00CDBB3E /* LaunchScreen.storyboard in Resources */ = {isa = PBXBuildFile; fileRef = 405C6A201D7500CE00CDBB3E /* LaunchScreen.storyboard */; };
		405C6A2C1D7534B600CDBB3E /* MainTableViewController.swift in Sources */ = {isa = PBXBuildFile; fileRef = 405C6A2B1D7534B600CDBB3E /* MainTableViewController.swift */; };
		405C6A511D7603B700CDBB3E /* GoogleDataProvider.swift in Sources */ = {isa = PBXBuildFile; fileRef = 405C6A501D7603B700CDBB3E /* GoogleDataProvider.swift */; };
		405C6A541D76052F00CDBB3E /* GooglePlace.swift in Sources */ = {isa = PBXBuildFile; fileRef = 405C6A531D76052F00CDBB3E /* GooglePlace.swift */; };
		405C6A7A1D7627D300CDBB3E /* SearchesTableViewController.swift in Sources */ = {isa = PBXBuildFile; fileRef = 405C6A791D7627D300CDBB3E /* SearchesTableViewController.swift */; };
		405C6A7C1D7627F600CDBB3E /* MapViewController.swift in Sources */ = {isa = PBXBuildFile; fileRef = 405C6A7B1D7627F600CDBB3E /* MapViewController.swift */; };
		40AC493E1D768E420007F65E /* PlaceMarker.swift in Sources */ = {isa = PBXBuildFile; fileRef = 40AC493D1D768E420007F65E /* PlaceMarker.swift */; };
		40AC49651D7734FA0007F65E /* ListModelController.swift in Sources */ = {isa = PBXBuildFile; fileRef = 40AC49641D7734FA0007F65E /* ListModelController.swift */; };
		40E2CFCB1D762D2700B53A80 /* SwiftyJSON.swift in Sources */ = {isa = PBXBuildFile; fileRef = 40E2CFCA1D762D2700B53A80 /* SwiftyJSON.swift */; };
		40E2CFD21D76874800B53A80 /* MarkerInfoView.swift in Sources */ = {isa = PBXBuildFile; fileRef = 40E2CFD11D76874800B53A80 /* MarkerInfoView.swift */; };
		40E2CFD51D7687CD00B53A80 /* MarkerInfoView.xib in Resources */ = {isa = PBXBuildFile; fileRef = 40E2CFD41D7687CD00B53A80 /* MarkerInfoView.xib */; };
		40E2CFD71D7687F000B53A80 /* UIView.swift in Sources */ = {isa = PBXBuildFile; fileRef = 40E2CFD61D7687F000B53A80 /* UIView.swift */; };
/* End PBXBuildFile section */

/* Begin PBXFileReference section */
		2083F83DCC089E4D8C3C7500 /* Pods-Pupvice.debug.xcconfig */ = {isa = PBXFileReference; includeInIndex = 1; lastKnownFileType = text.xcconfig; name = "Pods-Pupvice.debug.xcconfig"; path = "Pods/Target Support Files/Pods-Pupvice/Pods-Pupvice.debug.xcconfig"; sourceTree = "<group>"; };
		3E484571594C20625212777F /* Pods_Pupvice.framework */ = {isa = PBXFileReference; explicitFileType = wrapper.framework; includeInIndex = 0; path = Pods_Pupvice.framework; sourceTree = BUILT_PRODUCTS_DIR; };
		4029064F1D79E2DC00FA083E /* DetailPlaceTableViewCell.swift */ = {isa = PBXFileReference; fileEncoding = 4; lastKnownFileType = sourcecode.swift; path = DetailPlaceTableViewCell.swift; sourceTree = "<group>"; };
		4029067D1D7B8B3E00FA083E /* GoogleDetailsPhoto.swift */ = {isa = PBXFileReference; fileEncoding = 4; lastKnownFileType = sourcecode.swift; path = GoogleDetailsPhoto.swift; sourceTree = "<group>"; };
		4045E3D81D788EF600E4B228 /* SearchResultsController.swift */ = {isa = PBXFileReference; fileEncoding = 4; lastKnownFileType = sourcecode.swift; path = SearchResultsController.swift; sourceTree = "<group>"; };
		4045E3DA1D78957200E4B228 /* SearchMapViewController.swift */ = {isa = PBXFileReference; fileEncoding = 4; lastKnownFileType = sourcecode.swift; path = SearchMapViewController.swift; sourceTree = "<group>"; };
		4045E3E21D78D96B00E4B228 /* GoogleDetails.swift */ = {isa = PBXFileReference; fileEncoding = 4; lastKnownFileType = sourcecode.swift; path = GoogleDetails.swift; sourceTree = "<group>"; };
		4045E3E61D79CD9800E4B228 /* DetailPlaceTableViewController.swift */ = {isa = PBXFileReference; fileEncoding = 4; lastKnownFileType = sourcecode.swift; path = DetailPlaceTableViewController.swift; sourceTree = "<group>"; };
		4045E3E81D79D17800E4B228 /* DetailPlaceModelController.swift */ = {isa = PBXFileReference; fileEncoding = 4; lastKnownFileType = sourcecode.swift; path = DetailPlaceModelController.swift; sourceTree = "<group>"; };
		405C6A141D7500CE00CDBB3E /* Pupvice.app */ = {isa = PBXFileReference; explicitFileType = wrapper.application; includeInIndex = 0; path = Pupvice.app; sourceTree = BUILT_PRODUCTS_DIR; };
		405C6A171D7500CE00CDBB3E /* AppDelegate.swift */ = {isa = PBXFileReference; lastKnownFileType = sourcecode.swift; path = AppDelegate.swift; sourceTree = "<group>"; };
		405C6A1C1D7500CE00CDBB3E /* Base */ = {isa = PBXFileReference; lastKnownFileType = file.storyboard; name = Base; path = Base.lproj/Main.storyboard; sourceTree = "<group>"; };
		405C6A1E1D7500CE00CDBB3E /* Assets.xcassets */ = {isa = PBXFileReference; lastKnownFileType = folder.assetcatalog; path = Assets.xcassets; sourceTree = "<group>"; };
		405C6A211D7500CE00CDBB3E /* Base */ = {isa = PBXFileReference; lastKnownFileType = file.storyboard; name = Base; path = Base.lproj/LaunchScreen.storyboard; sourceTree = "<group>"; };
		405C6A231D7500CF00CDBB3E /* Info.plist */ = {isa = PBXFileReference; lastKnownFileType = text.plist.xml; path = Info.plist; sourceTree = "<group>"; };
		405C6A2B1D7534B600CDBB3E /* MainTableViewController.swift */ = {isa = PBXFileReference; fileEncoding = 4; lastKnownFileType = sourcecode.swift; path = MainTableViewController.swift; sourceTree = "<group>"; };
		405C6A501D7603B700CDBB3E /* GoogleDataProvider.swift */ = {isa = PBXFileReference; fileEncoding = 4; lastKnownFileType = sourcecode.swift; path = GoogleDataProvider.swift; sourceTree = "<group>"; };
		405C6A531D76052F00CDBB3E /* GooglePlace.swift */ = {isa = PBXFileReference; fileEncoding = 4; lastKnownFileType = sourcecode.swift; path = GooglePlace.swift; sourceTree = "<group>"; };
		405C6A791D7627D300CDBB3E /* SearchesTableViewController.swift */ = {isa = PBXFileReference; fileEncoding = 4; lastKnownFileType = sourcecode.swift; path = SearchesTableViewController.swift; sourceTree = "<group>"; };
		405C6A7B1D7627F600CDBB3E /* MapViewController.swift */ = {isa = PBXFileReference; fileEncoding = 4; lastKnownFileType = sourcecode.swift; path = MapViewController.swift; sourceTree = "<group>"; };
		40AC493D1D768E420007F65E /* PlaceMarker.swift */ = {isa = PBXFileReference; fileEncoding = 4; lastKnownFileType = sourcecode.swift; path = PlaceMarker.swift; sourceTree = "<group>"; };
		40AC49641D7734FA0007F65E /* ListModelController.swift */ = {isa = PBXFileReference; fileEncoding = 4; lastKnownFileType = sourcecode.swift; path = ListModelController.swift; sourceTree = "<group>"; };
		40E2CFCA1D762D2700B53A80 /* SwiftyJSON.swift */ = {isa = PBXFileReference; fileEncoding = 4; lastKnownFileType = sourcecode.swift; name = SwiftyJSON.swift; path = ../SwiftyJSON.swift; sourceTree = "<group>"; };
		40E2CFCD1D763D1A00B53A80 /* Pupvice-Bridging-Header.h */ = {isa = PBXFileReference; lastKnownFileType = sourcecode.c.h; path = "Pupvice-Bridging-Header.h"; sourceTree = "<group>"; };
		40E2CFD11D76874800B53A80 /* MarkerInfoView.swift */ = {isa = PBXFileReference; fileEncoding = 4; lastKnownFileType = sourcecode.swift; path = MarkerInfoView.swift; sourceTree = "<group>"; };
		40E2CFD41D7687CD00B53A80 /* MarkerInfoView.xib */ = {isa = PBXFileReference; fileEncoding = 4; lastKnownFileType = file.xib; path = MarkerInfoView.xib; sourceTree = "<group>"; };
		40E2CFD61D7687F000B53A80 /* UIView.swift */ = {isa = PBXFileReference; fileEncoding = 4; lastKnownFileType = sourcecode.swift; path = UIView.swift; sourceTree = "<group>"; };
		55EAEF43DAAF38ECD9765208 /* Pods-Pupvice.release.xcconfig */ = {isa = PBXFileReference; includeInIndex = 1; lastKnownFileType = text.xcconfig; name = "Pods-Pupvice.release.xcconfig"; path = "Pods/Target Support Files/Pods-Pupvice/Pods-Pupvice.release.xcconfig"; sourceTree = "<group>"; };
/* End PBXFileReference section */

/* Begin PBXFrameworksBuildPhase section */
		405C6A111D7500CE00CDBB3E /* Frameworks */ = {
			isa = PBXFrameworksBuildPhase;
			buildActionMask = 2147483647;
			files = (
				0E41B62C38D01125835747EE /* Pods_Pupvice.framework in Frameworks */,
			);
			runOnlyForDeploymentPostprocessing = 0;
		};
/* End PBXFrameworksBuildPhase section */

/* Begin PBXGroup section */
		281DBF734C42D3EC284124B6 /* Pods */ = {
			isa = PBXGroup;
			children = (
				2083F83DCC089E4D8C3C7500 /* Pods-Pupvice.debug.xcconfig */,
				55EAEF43DAAF38ECD9765208 /* Pods-Pupvice.release.xcconfig */,
			);
			name = Pods;
			sourceTree = "<group>";
		};
		4045E3E01D78C08900E4B228 /* Not use */ = {
			isa = PBXGroup;
			children = (
				4045E3DA1D78957200E4B228 /* SearchMapViewController.swift */,
				4045E3D81D788EF600E4B228 /* SearchResultsController.swift */,
			);
			name = "Not use";
			sourceTree = "<group>";
		};
		405C6A0B1D7500CE00CDBB3E = {
			isa = PBXGroup;
			children = (
				405C6A161D7500CE00CDBB3E /* Pupvice */,
				405C6A151D7500CE00CDBB3E /* Products */,
				281DBF734C42D3EC284124B6 /* Pods */,
				6211AEF51728F869435DADDB /* Frameworks */,
			);
			sourceTree = "<group>";
		};
		405C6A151D7500CE00CDBB3E /* Products */ = {
			isa = PBXGroup;
			children = (
				405C6A141D7500CE00CDBB3E /* Pupvice.app */,
			);
			name = Products;
			sourceTree = "<group>";
		};
		405C6A161D7500CE00CDBB3E /* Pupvice */ = {
			isa = PBXGroup;
			children = (
				405C6A171D7500CE00CDBB3E /* AppDelegate.swift */,
				40E2CFCC1D76302900B53A80 /* View */,
				405C6A7D1D7627FA00CDBB3E /* ViewController */,
				40E2CFD31D76875D00B53A80 /* Marker */,
				405C6A7E1D76280300CDBB3E /* ModelController */,
				405C6A521D7603BD00CDBB3E /* Model */,
				405C6A1E1D7500CE00CDBB3E /* Assets.xcassets */,
				405C6A201D7500CE00CDBB3E /* LaunchScreen.storyboard */,
				405C6A231D7500CF00CDBB3E /* Info.plist */,
				40E2CFCD1D763D1A00B53A80 /* Pupvice-Bridging-Header.h */,
			);
			path = Pupvice;
			sourceTree = "<group>";
		};
		405C6A521D7603BD00CDBB3E /* Model */ = {
			isa = PBXGroup;
			children = (
				405C6A531D76052F00CDBB3E /* GooglePlace.swift */,
				4045E3E21D78D96B00E4B228 /* GoogleDetails.swift */,
				4029067D1D7B8B3E00FA083E /* GoogleDetailsPhoto.swift */,
				40AC493D1D768E420007F65E /* PlaceMarker.swift */,
				40E2CFCA1D762D2700B53A80 /* SwiftyJSON.swift */,
			);
			name = Model;
			sourceTree = "<group>";
		};
		405C6A7D1D7627FA00CDBB3E /* ViewController */ = {
			isa = PBXGroup;
			children = (
				4045E3E01D78C08900E4B228 /* Not use */,
				405C6A2B1D7534B600CDBB3E /* MainTableViewController.swift */,
				405C6A791D7627D300CDBB3E /* SearchesTableViewController.swift */,
				405C6A7B1D7627F600CDBB3E /* MapViewController.swift */,
				4045E3E61D79CD9800E4B228 /* DetailPlaceTableViewController.swift */,
			);
			name = ViewController;
			sourceTree = "<group>";
		};
		405C6A7E1D76280300CDBB3E /* ModelController */ = {
			isa = PBXGroup;
			children = (
				405C6A501D7603B700CDBB3E /* GoogleDataProvider.swift */,
				40AC49641D7734FA0007F65E /* ListModelController.swift */,
				4045E3E81D79D17800E4B228 /* DetailPlaceModelController.swift */,
			);
			name = ModelController;
			sourceTree = "<group>";
		};
		40E2CFCC1D76302900B53A80 /* View */ = {
			isa = PBXGroup;
			children = (
				405C6A1B1D7500CE00CDBB3E /* Main.storyboard */,
				4029064F1D79E2DC00FA083E /* DetailPlaceTableViewCell.swift */,
			);
			name = View;
			sourceTree = "<group>";
		};
		40E2CFD31D76875D00B53A80 /* Marker */ = {
			isa = PBXGroup;
			children = (
				40E2CFD11D76874800B53A80 /* MarkerInfoView.swift */,
				40E2CFD41D7687CD00B53A80 /* MarkerInfoView.xib */,
				40E2CFD61D7687F000B53A80 /* UIView.swift */,
			);
			name = Marker;
			sourceTree = "<group>";
		};
		6211AEF51728F869435DADDB /* Frameworks */ = {
			isa = PBXGroup;
			children = (
				3E484571594C20625212777F /* Pods_Pupvice.framework */,
			);
			name = Frameworks;
			sourceTree = "<group>";
		};
/* End PBXGroup section */

/* Begin PBXNativeTarget section */
		405C6A131D7500CE00CDBB3E /* Pupvice */ = {
			isa = PBXNativeTarget;
			buildConfigurationList = 405C6A261D7500CF00CDBB3E /* Build configuration list for PBXNativeTarget "Pupvice" */;
			buildPhases = (
				2FC3A9B390A05E1C575AD939 /* [CP] Check Pods Manifest.lock */,
				405C6A101D7500CE00CDBB3E /* Sources */,
				405C6A111D7500CE00CDBB3E /* Frameworks */,
				405C6A121D7500CE00CDBB3E /* Resources */,
				A6C74DE46E19CBE48922D78D /* [CP] Embed Pods Frameworks */,
				5FB146F5E4E099157BBA220D /* [CP] Copy Pods Resources */,
			);
			buildRules = (
			);
			dependencies = (
			);
			name = Pupvice;
			productName = Pupvice;
			productReference = 405C6A141D7500CE00CDBB3E /* Pupvice.app */;
			productType = "com.apple.product-type.application";
		};
/* End PBXNativeTarget section */

/* Begin PBXProject section */
		405C6A0C1D7500CE00CDBB3E /* Project object */ = {
			isa = PBXProject;
			attributes = {
				LastSwiftUpdateCheck = 0730;
				LastUpgradeCheck = 0730;
				ORGANIZATIONNAME = "Chris Yoo";
				TargetAttributes = {
					405C6A131D7500CE00CDBB3E = {
						CreatedOnToolsVersion = 7.3.1;
						DevelopmentTeam = 54XFUGG23H;
					};
				};
			};
			buildConfigurationList = 405C6A0F1D7500CE00CDBB3E /* Build configuration list for PBXProject "Pupvice" */;
			compatibilityVersion = "Xcode 3.2";
			developmentRegion = English;
			hasScannedForEncodings = 0;
			knownRegions = (
				en,
				Base,
			);
			mainGroup = 405C6A0B1D7500CE00CDBB3E;
			productRefGroup = 405C6A151D7500CE00CDBB3E /* Products */;
			projectDirPath = "";
			projectRoot = "";
			targets = (
				405C6A131D7500CE00CDBB3E /* Pupvice */,
			);
		};
/* End PBXProject section */

/* Begin PBXResourcesBuildPhase section */
		405C6A121D7500CE00CDBB3E /* Resources */ = {
			isa = PBXResourcesBuildPhase;
			buildActionMask = 2147483647;
			files = (
				40E2CFD51D7687CD00B53A80 /* MarkerInfoView.xib in Resources */,
				405C6A221D7500CE00CDBB3E /* LaunchScreen.storyboard in Resources */,
				405C6A1F1D7500CE00CDBB3E /* Assets.xcassets in Resources */,
				405C6A1D1D7500CE00CDBB3E /* Main.storyboard in Resources */,
			);
			runOnlyForDeploymentPostprocessing = 0;
		};
/* End PBXResourcesBuildPhase section */

/* Begin PBXShellScriptBuildPhase section */
		2FC3A9B390A05E1C575AD939 /* [CP] Check Pods Manifest.lock */ = {
			isa = PBXShellScriptBuildPhase;
			buildActionMask = 2147483647;
			files = (
			);
			inputPaths = (
			);
			name = "[CP] Check Pods Manifest.lock";
			outputPaths = (
			);
			runOnlyForDeploymentPostprocessing = 0;
			shellPath = /bin/sh;
			shellScript = "diff \"${PODS_ROOT}/../Podfile.lock\" \"${PODS_ROOT}/Manifest.lock\" > /dev/null\nif [[ $? != 0 ]] ; then\n    cat << EOM\nerror: The sandbox is not in sync with the Podfile.lock. Run 'pod install' or update your CocoaPods installation.\nEOM\n    exit 1\nfi\n";
			showEnvVarsInLog = 0;
		};
		5FB146F5E4E099157BBA220D /* [CP] Copy Pods Resources */ = {
			isa = PBXShellScriptBuildPhase;
			buildActionMask = 2147483647;
			files = (
			);
			inputPaths = (
			);
			name = "[CP] Copy Pods Resources";
			outputPaths = (
			);
			runOnlyForDeploymentPostprocessing = 0;
			shellPath = /bin/sh;
			shellScript = "\"${SRCROOT}/Pods/Target Support Files/Pods-Pupvice/Pods-Pupvice-resources.sh\"\n";
			showEnvVarsInLog = 0;
		};
		A6C74DE46E19CBE48922D78D /* [CP] Embed Pods Frameworks */ = {
			isa = PBXShellScriptBuildPhase;
			buildActionMask = 2147483647;
			files = (
			);
			inputPaths = (
			);
			name = "[CP] Embed Pods Frameworks";
			outputPaths = (
			);
			runOnlyForDeploymentPostprocessing = 0;
			shellPath = /bin/sh;
			shellScript = "\"${SRCROOT}/Pods/Target Support Files/Pods-Pupvice/Pods-Pupvice-frameworks.sh\"\n";
			showEnvVarsInLog = 0;
		};
/* End PBXShellScriptBuildPhase section */

/* Begin PBXSourcesBuildPhase section */
		405C6A101D7500CE00CDBB3E /* Sources */ = {
			isa = PBXSourcesBuildPhase;
			buildActionMask = 2147483647;
			files = (
				40E2CFD71D7687F000B53A80 /* UIView.swift in Sources */,
				4045E3DB1D78957200E4B228 /* SearchMapViewController.swift in Sources */,
				405C6A2C1D7534B600CDBB3E /* MainTableViewController.swift in Sources */,
				405C6A541D76052F00CDBB3E /* GooglePlace.swift in Sources */,
				40AC49651D7734FA0007F65E /* ListModelController.swift in Sources */,
				405C6A511D7603B700CDBB3E /* GoogleDataProvider.swift in Sources */,
				4045E3E91D79D17800E4B228 /* DetailPlaceModelController.swift in Sources */,
				4045E3D91D788EF600E4B228 /* SearchResultsController.swift in Sources */,
				4045E3E31D78D96B00E4B228 /* GoogleDetails.swift in Sources */,
				40E2CFD21D76874800B53A80 /* MarkerInfoView.swift in Sources */,
				40AC493E1D768E420007F65E /* PlaceMarker.swift in Sources */,
				405C6A7A1D7627D300CDBB3E /* SearchesTableViewController.swift in Sources */,
				40E2CFCB1D762D2700B53A80 /* SwiftyJSON.swift in Sources */,
				405C6A181D7500CE00CDBB3E /* AppDelegate.swift in Sources */,
				402906501D79E2DC00FA083E /* DetailPlaceTableViewCell.swift in Sources */,
				4045E3E71D79CD9800E4B228 /* DetailPlaceTableViewController.swift in Sources */,
				4029067E1D7B8B3E00FA083E /* GoogleDetailsPhoto.swift in Sources */,
				405C6A7C1D7627F600CDBB3E /* MapViewController.swift in Sources */,
			);
			runOnlyForDeploymentPostprocessing = 0;
		};
/* End PBXSourcesBuildPhase section */

/* Begin PBXVariantGroup section */
		405C6A1B1D7500CE00CDBB3E /* Main.storyboard */ = {
			isa = PBXVariantGroup;
			children = (
				405C6A1C1D7500CE00CDBB3E /* Base */,
			);
			name = Main.storyboard;
			sourceTree = "<group>";
		};
		405C6A201D7500CE00CDBB3E /* LaunchScreen.storyboard */ = {
			isa = PBXVariantGroup;
			children = (
				405C6A211D7500CE00CDBB3E /* Base */,
			);
			name = LaunchScreen.storyboard;
			sourceTree = "<group>";
		};
/* End PBXVariantGroup section */

/* Begin XCBuildConfiguration section */
		405C6A241D7500CF00CDBB3E /* Debug */ = {
			isa = XCBuildConfiguration;
			buildSettings = {
				ALWAYS_SEARCH_USER_PATHS = NO;
				CLANG_ANALYZER_NONNULL = YES;
				CLANG_CXX_LANGUAGE_STANDARD = "gnu++0x";
				CLANG_CXX_LIBRARY = "libc++";
				CLANG_ENABLE_MODULES = YES;
				CLANG_ENABLE_OBJC_ARC = YES;
				CLANG_WARN_BOOL_CONVERSION = YES;
				CLANG_WARN_CONSTANT_CONVERSION = YES;
				CLANG_WARN_DIRECT_OBJC_ISA_USAGE = YES_ERROR;
				CLANG_WARN_EMPTY_BODY = YES;
				CLANG_WARN_ENUM_CONVERSION = YES;
				CLANG_WARN_INT_CONVERSION = YES;
				CLANG_WARN_OBJC_ROOT_CLASS = YES_ERROR;
				CLANG_WARN_UNREACHABLE_CODE = YES;
				CLANG_WARN__DUPLICATE_METHOD_MATCH = YES;
				"CODE_SIGN_IDENTITY[sdk=iphoneos*]" = "iPhone Developer";
				COPY_PHASE_STRIP = NO;
				DEBUG_INFORMATION_FORMAT = dwarf;
				ENABLE_STRICT_OBJC_MSGSEND = YES;
				ENABLE_TESTABILITY = YES;
				GCC_C_LANGUAGE_STANDARD = gnu99;
				GCC_DYNAMIC_NO_PIC = NO;
				GCC_NO_COMMON_BLOCKS = YES;
				GCC_OPTIMIZATION_LEVEL = 0;
				GCC_PREPROCESSOR_DEFINITIONS = (
					"DEBUG=1",
					"$(inherited)",
				);
				GCC_WARN_64_TO_32_BIT_CONVERSION = YES;
				GCC_WARN_ABOUT_RETURN_TYPE = YES_ERROR;
				GCC_WARN_UNDECLARED_SELECTOR = YES;
				GCC_WARN_UNINITIALIZED_AUTOS = YES_AGGRESSIVE;
				GCC_WARN_UNUSED_FUNCTION = YES;
				GCC_WARN_UNUSED_VARIABLE = YES;
				IPHONEOS_DEPLOYMENT_TARGET = 9.3;
				MTL_ENABLE_DEBUG_INFO = YES;
				ONLY_ACTIVE_ARCH = YES;
				SDKROOT = iphoneos;
				SWIFT_OPTIMIZATION_LEVEL = "-Onone";
			};
			name = Debug;
		};
		405C6A251D7500CF00CDBB3E /* Release */ = {
			isa = XCBuildConfiguration;
			buildSettings = {
				ALWAYS_SEARCH_USER_PATHS = NO;
				CLANG_ANALYZER_NONNULL = YES;
				CLANG_CXX_LANGUAGE_STANDARD = "gnu++0x";
				CLANG_CXX_LIBRARY = "libc++";
				CLANG_ENABLE_MODULES = YES;
				CLANG_ENABLE_OBJC_ARC = YES;
				CLANG_WARN_BOOL_CONVERSION = YES;
				CLANG_WARN_CONSTANT_CONVERSION = YES;
				CLANG_WARN_DIRECT_OBJC_ISA_USAGE = YES_ERROR;
				CLANG_WARN_EMPTY_BODY = YES;
				CLANG_WARN_ENUM_CONVERSION = YES;
				CLANG_WARN_INT_CONVERSION = YES;
				CLANG_WARN_OBJC_ROOT_CLASS = YES_ERROR;
				CLANG_WARN_UNREACHABLE_CODE = YES;
				CLANG_WARN__DUPLICATE_METHOD_MATCH = YES;
				"CODE_SIGN_IDENTITY[sdk=iphoneos*]" = "iPhone Developer";
				COPY_PHASE_STRIP = NO;
				DEBUG_INFORMATION_FORMAT = "dwarf-with-dsym";
				ENABLE_NS_ASSERTIONS = NO;
				ENABLE_STRICT_OBJC_MSGSEND = YES;
				GCC_C_LANGUAGE_STANDARD = gnu99;
				GCC_NO_COMMON_BLOCKS = YES;
				GCC_WARN_64_TO_32_BIT_CONVERSION = YES;
				GCC_WARN_ABOUT_RETURN_TYPE = YES_ERROR;
				GCC_WARN_UNDECLARED_SELECTOR = YES;
				GCC_WARN_UNINITIALIZED_AUTOS = YES_AGGRESSIVE;
				GCC_WARN_UNUSED_FUNCTION = YES;
				GCC_WARN_UNUSED_VARIABLE = YES;
				IPHONEOS_DEPLOYMENT_TARGET = 9.3;
				MTL_ENABLE_DEBUG_INFO = NO;
				SDKROOT = iphoneos;
				VALIDATE_PRODUCT = YES;
			};
			name = Release;
		};
		405C6A271D7500CF00CDBB3E /* Debug */ = {
			isa = XCBuildConfiguration;
			baseConfigurationReference = 2083F83DCC089E4D8C3C7500 /* Pods-Pupvice.debug.xcconfig */;
			buildSettings = {
				ASSETCATALOG_COMPILER_APPICON_NAME = AppIcon;
				CLANG_ENABLE_MODULES = YES;
				CODE_SIGN_IDENTITY = "iPhone Developer";
				"CODE_SIGN_IDENTITY[sdk=iphoneos*]" = "iPhone Developer";
				INFOPLIST_FILE = Pupvice/Info.plist;
				LD_RUNPATH_SEARCH_PATHS = "$(inherited) @executable_path/Frameworks";
				PRODUCT_BUNDLE_IDENTIFIER = com.ChrisYoo.Pupvice;
				PRODUCT_NAME = "$(TARGET_NAME)";
				PROVISIONING_PROFILE = "";
				SWIFT_OBJC_BRIDGING_HEADER = "Pupvice/Pupvice-Bridging-Header.h";
				SWIFT_OPTIMIZATION_LEVEL = "-Onone";
			};
			name = Debug;
		};
		405C6A281D7500CF00CDBB3E /* Release */ = {
			isa = XCBuildConfiguration;
			baseConfigurationReference = 55EAEF43DAAF38ECD9765208 /* Pods-Pupvice.release.xcconfig */;
			buildSettings = {
				ASSETCATALOG_COMPILER_APPICON_NAME = AppIcon;
				CLANG_ENABLE_MODULES = YES;
				CODE_SIGN_IDENTITY = "iPhone Developer";
				"CODE_SIGN_IDENTITY[sdk=iphoneos*]" = "iPhone Developer";
				INFOPLIST_FILE = Pupvice/Info.plist;
				LD_RUNPATH_SEARCH_PATHS = "$(inherited) @executable_path/Frameworks";
				PRODUCT_BUNDLE_IDENTIFIER = com.ChrisYoo.Pupvice;
				PRODUCT_NAME = "$(TARGET_NAME)";
				PROVISIONING_PROFILE = "";
				SWIFT_OBJC_BRIDGING_HEADER = "Pupvice/Pupvice-Bridging-Header.h";
			};
			name = Release;
		};
/* End XCBuildConfiguration section */

/* Begin XCConfigurationList section */
		405C6A0F1D7500CE00CDBB3E /* Build configuration list for PBXProject "Pupvice" */ = {
			isa = XCConfigurationList;
			buildConfigurations = (
				405C6A241D7500CF00CDBB3E /* Debug */,
				405C6A251D7500CF00CDBB3E /* Release */,
			);
			defaultConfigurationIsVisible = 0;
			defaultConfigurationName = Release;
		};
		405C6A261D7500CF00CDBB3E /* Build configuration list for PBXNativeTarget "Pupvice" */ = {
			isa = XCConfigurationList;
			buildConfigurations = (
				405C6A271D7500CF00CDBB3E /* Debug */,
				405C6A281D7500CF00CDBB3E /* Release */,
			);
			defaultConfigurationIsVisible = 0;
			defaultConfigurationName = Release;
		};
/* End XCConfigurationList section */
	};
	rootObject = 405C6A0C1D7500CE00CDBB3E /* Project object */;
}
